
Microsoft Visual Studio Solution File, Format Version 12.00
# Visual Studio Version 16
VisualStudioVersion = 16.0.31402.337
MinimumVisualStudioVersion = 10.0.40219.1
Project("{FAE04EC0-301F-11D3-BF4B-00C04F79EFBC}") = "schat-server", "schat-server\schat-server.csproj", "{12FC13B4-0EE2-4A2C-9D07-4A2E7128F1FF}"
EndProject
Global
	GlobalSection(SolutionConfigurationPlatforms) = preSolution
		Debug|Any CPU = Debug|Any CPU
		Release|Any CPU = Release|Any CPU
	EndGlobalSection
	GlobalSection(ProjectConfigurationPlatforms) = postSolution
		{12FC13B4-0EE2-4A2C-9D07-4A2E7128F1FF}.Debug|Any CPU.ActiveCfg = Debug|Any CPU
		{12FC13B4-0EE2-4A2C-9D07-4A2E7128F1FF}.Debug|Any CPU.Build.0 = Debug|Any CPU
		{12FC13B4-0EE2-4A2C-9D07-4A2E7128F1FF}.Release|Any CPU.ActiveCfg = Release|Any CPU
		{12FC13B4-0EE2-4A2C-9D07-4A2E7128F1FF}.Release|Any CPU.Build.0 = Release|Any CPU
	EndGlobalSection
	GlobalSection(SolutionProperties) = preSolution
		HideSolutionNode = FALSE
	EndGlobalSection
	GlobalSection(ExtensibilityGlobals) = postSolution
		SolutionGuid = {E1517A80-937F-4A38-A7BA-78E79B2E81D0}
	EndGlobalSection
EndGlobal
